
Microsoft Visual Studio Solution File, Format Version 12.00
# Visual Studio 2017
Project("{FAE04EC0-301F-11D3-BF4B-00C04F79EFBC}") = "project-3-data", "project-3-data.csproj", "{FE8B0472-6326-4E26-8A65-F467B473BEE1}"
EndProject
Global
	GlobalSection(SolutionConfigurationPlatforms) = preSolution
		Debug|Any CPU = Debug|Any CPU
		Release|Any CPU = Release|Any CPU
	EndGlobalSection
	GlobalSection(ProjectConfigurationPlatforms) = postSolution
		{FE8B0472-6326-4E26-8A65-F467B473BEE1}.Debug|Any CPU.ActiveCfg = Debug|Any CPU
		{FE8B0472-6326-4E26-8A65-F467B473BEE1}.Debug|Any CPU.Build.0 = Debug|Any CPU
		{FE8B0472-6326-4E26-8A65-F467B473BEE1}.Release|Any CPU.ActiveCfg = Release|Any CPU
		{FE8B0472-6326-4E26-8A65-F467B473BEE1}.Release|Any CPU.Build.0 = Release|Any CPU
	EndGlobalSection
	GlobalSection(MonoDevelopProperties) = preSolution
		Policies = $0
		$0.DotNetNamingPolicy = $1
		$1.DirectoryNamespaceAssociation = PrefixedHierarchical
		$0.VersionControlPolicy = $2
	EndGlobalSection
EndGlobal
